
Microsoft Visual Studio Solution File, Format Version 12.00
# Visual Studio Version 17
VisualStudioVersion = 17.5.33530.505
MinimumVisualStudioVersion = 10.0.40219.1
Project("{FAE04EC0-301F-11D3-BF4B-00C04F79EFBC}") = "Industrial_Accidents", "Industrial_Accidents.csproj", "{030D87DC-61B1-4E19-A177-2F1C488C5036}"
EndProject
Project("{2150E333-8FDC-42A3-9474-1A3956D46DE8}") = "Solution Items", "Solution Items", "{29019EB0-8ED6-41A6-A2D3-9354333D401E}"
	ProjectSection(SolutionItems) = preProject
		ClassesDefOf.cs = ClassesDefOf.cs
		CodeDump.cs = CodeDump.cs
		IAccidentUtilityOld.cs = IAccidentUtilityOld.cs
	EndProjectSection
EndProject
Global
	GlobalSection(SolutionConfigurationPlatforms) = preSolution
		Debug|Any CPU = Debug|Any CPU
		Release|Any CPU = Release|Any CPU
	EndGlobalSection
	GlobalSection(ProjectConfigurationPlatforms) = postSolution
		{030D87DC-61B1-4E19-A177-2F1C488C5036}.Debug|Any CPU.ActiveCfg = Release|Any CPU
		{030D87DC-61B1-4E19-A177-2F1C488C5036}.Debug|Any CPU.Build.0 = Release|Any CPU
		{030D87DC-61B1-4E19-A177-2F1C488C5036}.Release|Any CPU.ActiveCfg = Release|Any CPU
		{030D87DC-61B1-4E19-A177-2F1C488C5036}.Release|Any CPU.Build.0 = Release|Any CPU
	EndGlobalSection
	GlobalSection(SolutionProperties) = preSolution
		HideSolutionNode = FALSE
	EndGlobalSection
	GlobalSection(ExtensibilityGlobals) = postSolution
		SolutionGuid = {B97A76AF-04C5-4A2D-8D5F-245B03144CAC}
	EndGlobalSection
EndGlobal
